
Microsoft Visual Studio Solution File, Format Version 12.00
# Visual Studio Version 17
VisualStudioVersion = 17.6.33829.357
MinimumVisualStudioVersion = 10.0.40219.1
Project("{9A19103F-16F7-4668-BE54-9A1E7A4F7556}") = "SlotMachine", "SlotMachine.csproj", "{6A41B200-F9AD-45A7-9F28-4076F42B59C7}"
EndProject
Project("{FAE04EC0-301F-11D3-BF4B-00C04F79EFBC}") = "SlotMachineTests", "..\SlotMachineTests\SlotMachineTests.csproj", "{D62A7C7A-13E3-43AA-97C7-C67CC395459D}"
EndProject
Global
	GlobalSection(SolutionConfigurationPlatforms) = preSolution
		Debug|Any CPU = Debug|Any CPU
		Release|Any CPU = Release|Any CPU
	EndGlobalSection
	GlobalSection(ProjectConfigurationPlatforms) = postSolution
		{6A41B200-F9AD-45A7-9F28-4076F42B59C7}.Debug|Any CPU.ActiveCfg = Debug|Any CPU
		{6A41B200-F9AD-45A7-9F28-4076F42B59C7}.Debug|Any CPU.Build.0 = Debug|Any CPU
		{6A41B200-F9AD-45A7-9F28-4076F42B59C7}.Release|Any CPU.ActiveCfg = Release|Any CPU
		{6A41B200-F9AD-45A7-9F28-4076F42B59C7}.Release|Any CPU.Build.0 = Release|Any CPU
		{D62A7C7A-13E3-43AA-97C7-C67CC395459D}.Debug|Any CPU.ActiveCfg = Debug|Any CPU
		{D62A7C7A-13E3-43AA-97C7-C67CC395459D}.Debug|Any CPU.Build.0 = Debug|Any CPU
		{D62A7C7A-13E3-43AA-97C7-C67CC395459D}.Release|Any CPU.ActiveCfg = Release|Any CPU
		{D62A7C7A-13E3-43AA-97C7-C67CC395459D}.Release|Any CPU.Build.0 = Release|Any CPU
	EndGlobalSection
	GlobalSection(SolutionProperties) = preSolution
		HideSolutionNode = FALSE
	EndGlobalSection
	GlobalSection(ExtensibilityGlobals) = postSolution
		SolutionGuid = {701BC7E4-5A99-4A9D-A8BB-DB0023081FCB}
	EndGlobalSection
EndGlobal
